github.com/pkg/errors v0.9.1 h1:FEBLx1zS214owpjy7qsBeixbURkuhQAwrK5UwLGTwt4=
github.com/pkg/errors v0.9.1/go.mod h1:bwawxfHBFNV+L2hUp1rHADufV3IMtnDRdf1r5NINEl0=
k8s.io/utils v0.0.0-20241210054802-24370beab758 h1:sdbE21q2nlQtFh65saZY+rRM6x6aJJI8IUa1AmH/qa0=
k8s.io/utils v0.0.0-20241210054802-24370beab758/go.mod h1:OLgZIPagt7ERELqWJFomSt595RzquPNLL48iOWgYOg0=
